Microsoft Visual Studio Solution File, Format Version 12.00
# Visual Studio Version 17
VisualStudioVersion = 17.5.2.0
MinimumVisualStudioVersion = 10.0.40219.1
Project("{FAE04EC0-301F-11D3-BF4B-00C04F79EFBC}") = "todoist-context-notifier", "todoist-context-notifier.csproj", "{F7FEAA91-7C17-7BBF-08C2-5B8C136CA8AA}"
EndProject
Global
	GlobalSection(SolutionConfigurationPlatforms) = preSolution
		Debug|Any CPU = Debug|Any CPU
		Release|Any CPU = Release|Any CPU
	EndGlobalSection
	GlobalSection(ProjectConfigurationPlatforms) = postSolution
		{F7FEAA91-7C17-7BBF-08C2-5B8C136CA8AA}.Debug|Any CPU.ActiveCfg = Debug|Any CPU
		{F7FEAA91-7C17-7BBF-08C2-5B8C136CA8AA}.Debug|Any CPU.Build.0 = Debug|Any CPU
		{F7FEAA91-7C17-7BBF-08C2-5B8C136CA8AA}.Release|Any CPU.ActiveCfg = Release|Any CPU
		{F7FEAA91-7C17-7BBF-08C2-5B8C136CA8AA}.Release|Any CPU.Build.0 = Release|Any CPU
	EndGlobalSection
	GlobalSection(SolutionProperties) = preSolution
		HideSolutionNode = FALSE
	EndGlobalSection
	GlobalSection(ExtensibilityGlobals) = postSolution
		SolutionGuid = {87B38D17-DA30-47A8-832B-B3D539A6751A}
	EndGlobalSection
EndGlobal
